
Microsoft Visual Studio Solution File, Format Version 12.00
# Visual Studio Version 17
VisualStudioVersion = 17.7.34009.444
MinimumVisualStudioVersion = 10.0.40219.1
Project("{8BC9CEB8-8B4A-11D0-8D11-00A0C91BC942}") = "DMA-CLI", "DMA-CLI\DMA-CLI.vcxproj", "{605C1327-7641-4587-9E78-40E866B9A72D}"
	ProjectSection(ProjectDependencies) = postProject
		{B0BA5EFC-FF3B-4967-9A89-5B42500F4510} = {B0BA5EFC-FF3B-4967-9A89-5B42500F4510}
	EndProjectSection
EndProject
Project("{8BC9CEB8-8B4A-11D0-8D11-00A0C91BC942}") = "DMA-Core", "DMA-Core\DMA-Core.vcxproj", "{B0BA5EFC-FF3B-4967-9A89-5B42500F4510}"
EndProject
Project("{8BC9CEB8-8B4A-11D0-8D11-00A0C91BC942}") = "DMA-GUI", "DMA-GUI\DMA-GUI.vcxproj", "{894B985F-605D-45FD-B758-0983CA7CA369}"
	ProjectSection(ProjectDependencies) = postProject
		{B0BA5EFC-FF3B-4967-9A89-5B42500F4510} = {B0BA5EFC-FF3B-4967-9A89-5B42500F4510}
	EndProjectSection
EndProject
Global
	GlobalSection(SolutionConfigurationPlatforms) = preSolution
		Debug|x64 = Debug|x64
		Debug|x86 = Debug|x86
		Release|x64 = Release|x64
		Release|x86 = Release|x86
	EndGlobalSection
	GlobalSection(ProjectConfigurationPlatforms) = postSolution
		{605C1327-7641-4587-9E78-40E866B9A72D}.Debug|x64.ActiveCfg = Debug|x64
		{605C1327-7641-4587-9E78-40E866B9A72D}.Debug|x64.Build.0 = Debug|x64
		{605C1327-7641-4587-9E78-40E866B9A72D}.Debug|x86.ActiveCfg = Debug|Win32
		{605C1327-7641-4587-9E78-40E866B9A72D}.Debug|x86.Build.0 = Debug|Win32
		{605C1327-7641-4587-9E78-40E866B9A72D}.Release|x64.ActiveCfg = Release|x64
		{605C1327-7641-4587-9E78-40E866B9A72D}.Release|x64.Build.0 = Release|x64
		{605C1327-7641-4587-9E78-40E866B9A72D}.Release|x86.ActiveCfg = Release|Win32
		{605C1327-7641-4587-9E78-40E866B9A72D}.Release|x86.Build.0 = Release|Win32
		{B0BA5EFC-FF3B-4967-9A89-5B42500F4510}.Debug|x64.ActiveCfg = Debug|x64
		{B0BA5EFC-FF3B-4967-9A89-5B42500F4510}.Debug|x64.Build.0 = Debug|x64
		{B0BA5EFC-FF3B-4967-9A89-5B42500F4510}.Debug|x86.ActiveCfg = Debug|Win32
		{B0BA5EFC-FF3B-4967-9A89-5B42500F4510}.Debug|x86.Build.0 = Debug|Win32
		{B0BA5EFC-FF3B-4967-9A89-5B42500F4510}.Release|x64.ActiveCfg = Release|x64
		{B0BA5EFC-FF3B-4967-9A89-5B42500F4510}.Release|x64.Build.0 = Release|x64
		{B0BA5EFC-FF3B-4967-9A89-5B42500F4510}.Release|x86.ActiveCfg = Release|Win32
		{B0BA5EFC-FF3B-4967-9A89-5B42500F4510}.Release|x86.Build.0 = Release|Win32
		{894B985F-605D-45FD-B758-0983CA7CA369}.Debug|x64.ActiveCfg = Debug|x64
		{894B985F-605D-45FD-B758-0983CA7CA369}.Debug|x64.Build.0 = Debug|x64
		{894B985F-605D-45FD-B758-0983CA7CA369}.Debug|x86.ActiveCfg = Debug|Win32
		{894B985F-605D-45FD-B758-0983CA7CA369}.Debug|x86.Build.0 = Debug|Win32
		{894B985F-605D-45FD-B758-0983CA7CA369}.Release|x64.ActiveCfg = Release|x64
		{894B985F-605D-45FD-B758-0983CA7CA369}.Release|x64.Build.0 = Release|x64
		{894B985F-605D-45FD-B758-0983CA7CA369}.Release|x86.ActiveCfg = Release|Win32
		{894B985F-605D-45FD-B758-0983CA7CA369}.Release|x86.Build.0 = Release|Win32
	EndGlobalSection
	GlobalSection(SolutionProperties) = preSolution
		HideSolutionNode = FALSE
	EndGlobalSection
	GlobalSection(ExtensibilityGlobals) = postSolution
		SolutionGuid = {C465F372-7691-4AFC-BBDE-5811F6C9EDD1}
	EndGlobalSection
EndGlobal
