<?xml version="1.0" encoding="utf-8"?>
<Project ToolsVersion="4.0" xmlns="http://schemas.microsoft.com/developer/msbuild/2003">
  <ItemGroup>
    <Filter Include="Source Files">
      <UniqueIdentifier>{4FC737F1-C7A5-4376-A066-2A32D752A2FF}</UniqueIdentifier>
      <Extensions>cpp;c;cc;cxx;c++;cppm;ixx;def;odl;idl;hpj;bat;asm;asmx</Extensions>
    </Filter>
    <Filter Include="Header Files">
      <UniqueIdentifier>{93995380-89BD-4b04-88EB-625FBE52EBFB}</UniqueIdentifier>
      <Extensions>h;hh;hpp;hxx;h++;hm;inl;inc;ipp;xsd</Extensions>
    </Filter>
    <Filter Include="Resource Files">
      <UniqueIdentifier>{67DA6AB6-F800-4c08-8B7A-83BB121AAD01}</UniqueIdentifier>
      <Extensions>rc;ico;cur;bmp;dlg;rc2;rct;bin;rgs;gif;jpg;jpeg;jpe;resx;tiff;tif;png;wav;mfcribbon-ms</Extensions>
    </Filter>
    <Filter Include="TinyXML2">
      <UniqueIdentifier>{96ee23eb-4269-49fc-a5d5-7e82d53d5d40}</UniqueIdentifier>
    </Filter>
    <Filter Include="TinyXML2\Header Files">
      <UniqueIdentifier>{40d1a40b-2a85-4fec-b0ae-bc753c13f755}</UniqueIdentifier>
    </Filter>
    <Filter Include="TinyXML2\Source Files">
      <UniqueIdentifier>{b9c92b3c-e221-4f48-a5aa-f567df77bc0b}</UniqueIdentifier>
    </Filter>
  </ItemGroup>
  <ItemGroup>
    <ClInclude Include="fft.h">
      <Filter>Header Files</Filter>
    </ClInclude>
    <ClInclude Include="wav.h">
      <Filter>Header Files</Filter>
    </ClInclude>
    <ClInclude Include="onset.h">
      <Filter>Header Files</Filter>
    </ClInclude>
    <ClInclude Include="sheet.h">
      <Filter>Header Files</Filter>
    </ClInclude>
    <ClInclude Include="tinyxml2\tinyxml2.h">
      <Filter>TinyXML2\Header Files</Filter>
    </ClInclude>
  </ItemGroup>
  <ItemGroup>
    <ClCompile Include="fft.cpp">
      <Filter>Source Files</Filter>
    </ClCompile>
    <ClCompile Include="wav.cpp">
      <Filter>Source Files</Filter>
    </ClCompile>
    <ClCompile Include="onset.cpp">
      <Filter>Source Files</Filter>
    </ClCompile>
    <ClCompile Include="sheet.cpp">
      <Filter>Source Files</Filter>
    </ClCompile>
    <ClCompile Include="tinyxml2\tinyxml2.cpp">
      <Filter>TinyXML2\Source Files</Filter>
    </ClCompile>
  </ItemGroup>
</Project>